
Microsoft Visual Studio Solution File, Format Version 12.00
# Visual Studio Version 17
VisualStudioVersion = 17.6.33815.320
MinimumVisualStudioVersion = 10.0.40219.1
Project("{9A19103F-16F7-4668-BE54-9A1E7A4F7556}") = "PPTCopyAndExcute", "PPTAuto\PPTCopyAndExcute.csproj", "{A064AF5C-349C-4742-BCCA-3024DD2FA265}"
EndProject
Global
	GlobalSection(SolutionConfigurationPlatforms) = preSolution
		Debug|Any CPU = Debug|Any CPU
		Release|Any CPU = Release|Any CPU
	EndGlobalSection
	GlobalSection(ProjectConfigurationPlatforms) = postSolution
		{A064AF5C-349C-4742-BCCA-3024DD2FA265}.Debug|Any CPU.ActiveCfg = Debug|Any CPU
		{A064AF5C-349C-4742-BCCA-3024DD2FA265}.Debug|Any CPU.Build.0 = Debug|Any CPU
		{A064AF5C-349C-4742-BCCA-3024DD2FA265}.Release|Any CPU.ActiveCfg = Release|Any CPU
		{A064AF5C-349C-4742-BCCA-3024DD2FA265}.Release|Any CPU.Build.0 = Release|Any CPU
	EndGlobalSection
	GlobalSection(SolutionProperties) = preSolution
		HideSolutionNode = FALSE
	EndGlobalSection
	GlobalSection(ExtensibilityGlobals) = postSolution
		SolutionGuid = {72D6A92C-CA52-448F-98C6-AD44AD2BBEC5}
	EndGlobalSection
EndGlobal
